
Microsoft Visual Studio Solution File, Format Version 12.00
Project("{FAE04EC0-301F-11D3-BF4B-00C04F79EFBC}") = "sos100-bibliotek", "sos100-bibliotek\sos100-bibliotek.csproj", "{464FEB9B-8453-4C4A-BE99-56039E0F3881}"
EndProject
Project("{FAE04EC0-301F-11D3-BF4B-00C04F79EFBC}") = "Catalogue-service", "Catalogue-service\Catalogue-service.csproj", "{85726F84-5AC7-4271-BCCA-1378147D179A}"
EndProject
Global
	GlobalSection(SolutionConfigurationPlatforms) = preSolution
		Debug|Any CPU = Debug|Any CPU
		Release|Any CPU = Release|Any CPU
	EndGlobalSection
	GlobalSection(ProjectConfigurationPlatforms) = postSolution
		{464FEB9B-8453-4C4A-BE99-56039E0F3881}.Debug|Any CPU.ActiveCfg = Debug|Any CPU
		{464FEB9B-8453-4C4A-BE99-56039E0F3881}.Debug|Any CPU.Build.0 = Debug|Any CPU
		{464FEB9B-8453-4C4A-BE99-56039E0F3881}.Release|Any CPU.ActiveCfg = Release|Any CPU
		{464FEB9B-8453-4C4A-BE99-56039E0F3881}.Release|Any CPU.Build.0 = Release|Any CPU
		{85726F84-5AC7-4271-BCCA-1378147D179A}.Debug|Any CPU.ActiveCfg = Debug|Any CPU
		{85726F84-5AC7-4271-BCCA-1378147D179A}.Debug|Any CPU.Build.0 = Debug|Any CPU
		{85726F84-5AC7-4271-BCCA-1378147D179A}.Release|Any CPU.ActiveCfg = Release|Any CPU
		{85726F84-5AC7-4271-BCCA-1378147D179A}.Release|Any CPU.Build.0 = Release|Any CPU
	EndGlobalSection
EndGlobal
